
Microsoft Visual Studio Solution File, Format Version 12.00
# Visual Studio Version 17
VisualStudioVersion = 17.8.34511.84
MinimumVisualStudioVersion = 10.0.40219.1
Project("{FAE04EC0-301F-11D3-BF4B-00C04F79EFBC}") = "Hall management", "Hall management\Hall management.csproj", "{450C7866-1F63-4802-905C-A299B6FB8D93}"
EndProject
Global
	GlobalSection(SolutionConfigurationPlatforms) = preSolution
		Debug|Any CPU = Debug|Any CPU
		Release|Any CPU = Release|Any CPU
	EndGlobalSection
	GlobalSection(ProjectConfigurationPlatforms) = postSolution
		{450C7866-1F63-4802-905C-A299B6FB8D93}.Debug|Any CPU.ActiveCfg = Debug|Any CPU
		{450C7866-1F63-4802-905C-A299B6FB8D93}.Debug|Any CPU.Build.0 = Debug|Any CPU
		{450C7866-1F63-4802-905C-A299B6FB8D93}.Release|Any CPU.ActiveCfg = Release|Any CPU
		{450C7866-1F63-4802-905C-A299B6FB8D93}.Release|Any CPU.Build.0 = Release|Any CPU
	EndGlobalSection
	GlobalSection(SolutionProperties) = preSolution
		HideSolutionNode = FALSE
	EndGlobalSection
	GlobalSection(ExtensibilityGlobals) = postSolution
		SolutionGuid = {63DF6CB4-06CA-4F62-ACC2-3DEEA26DB886}
	EndGlobalSection
EndGlobal
